// !$*UTF8*$!
{
	archiveVersion = 1;
	classes = {
	};
	objectVersion = 46;
	objects = {

/* Begin PBXBuildFile section */
		8130D5461C50ED40004DCA40 /* AppDelegate.swift in Sources */ = {isa = PBXBuildFile; fileRef = 8130D5451C50ED40004DCA40 /* AppDelegate.swift */; };
		8130D54D1C50ED40004DCA40 /* Assets.xcassets in Resources */ = {isa = PBXBuildFile; fileRef = 8130D54C1C50ED40004DCA40 /* Assets.xcassets */; };
		8130D5501C50ED40004DCA40 /* LaunchScreen.storyboard in Resources */ = {isa = PBXBuildFile; fileRef = 8130D54E1C50ED40004DCA40 /* LaunchScreen.storyboard */; };
		8130D5581C50EDBB004DCA40 /* MainTableViewController.swift in Sources */ = {isa = PBXBuildFile; fileRef = 8130D5571C50EDBB004DCA40 /* MainTableViewController.swift */; };
		8130D55A1C50EDCB004DCA40 /* MainTableViewCell.swift in Sources */ = {isa = PBXBuildFile; fileRef = 8130D5591C50EDCB004DCA40 /* MainTableViewCell.swift */; };
/* End PBXBuildFile section */

/* Begin PBXFileReference section */
		8130D5421C50ED40004DCA40 /* dynamicCellHeight.app */ = {isa = PBXFileReference; explicitFileType = wrapper.application; includeInIndex = 0; path = dynamicCellHeight.app; sourceTree = BUILT_PRODUCTS_DIR; };
		8130D5451C50ED40004DCA40 /* AppDelegate.swift */ = {isa = PBXFileReference; lastKnownFileType = sourcecode.swift; path = AppDelegate.swift; sourceTree = "<group>"; };
		8130D54C1C50ED40004DCA40 /* Assets.xcassets */ = {isa = PBXFileReference; lastKnownFileType = folder.assetcatalog; path = Assets.xcassets; sourceTree = "<group>"; };
		8130D54F1C50ED40004DCA40 /* Base */ = {isa = PBXFileReference; lastKnownFileType = file.storyboard; name = Base; path = Base.lproj/LaunchScreen.storyboard; sourceTree = "<group>"; };
		8130D5511C50ED40004DCA40 /* Info.plist */ = {isa = PBXFileReference; lastKnownFileType = text.plist.xml; path = Info.plist; sourceTree = "<group>"; };
		8130D5571C50EDBB004DCA40 /* MainTableViewController.swift */ = {isa = PBXFileReference; fileEncoding = 4; lastKnownFileType = sourcecode.swift; path = MainTableViewController.swift; sourceTree = "<group>"; };
		8130D5591C50EDCB004DCA40 /* MainTableViewCell.swift */ = {isa = PBXFileReference; fileEncoding = 4; lastKnownFileType = sourcecode.swift; path = MainTableViewCell.swift; sourceTree = "<group>"; };
/* End PBXFileReference section */

/* Begin PBXFrameworksBuildPhase section */
		8130D53F1C50ED40004DCA40 /* Frameworks */ = {
			isa = PBXFrameworksBuildPhase;
			buildActionMask = 2147483647;
			files = (
			);
			runOnlyForDeploymentPostprocessing = 0;
		};
/* End PBXFrameworksBuildPhase section */

/* Begin PBXGroup section */
		8130D5391C50ED40004DCA40 = {
			isa = PBXGroup;
			children = (
				8130D5441C50ED40004DCA40 /* dynamicCellHeight */,
				8130D5431C50ED40004DCA40 /* Products */,
			);
			sourceTree = "<group>";
		};
		8130D5431C50ED40004DCA40 /* Products */ = {
			isa = PBXGroup;
			children = (
				8130D5421C50ED40004DCA40 /* dynamicCellHeight.app */,
			);
			name = Products;
			sourceTree = "<group>";
		};
		8130D5441C50ED40004DCA40 /* dynamicCellHeight */ = {
			isa = PBXGroup;
			children = (
				8130D5451C50ED40004DCA40 /* AppDelegate.swift */,
				8130D5571C50EDBB004DCA40 /* MainTableViewController.swift */,
				8130D5591C50EDCB004DCA40 /* MainTableViewCell.swift */,
				8130D54C1C50ED40004DCA40 /* Assets.xcassets */,
				8130D54E1C50ED40004DCA40 /* LaunchScreen.storyboard */,
				8130D5511C50ED40004DCA40 /* Info.plist */,
			);
			path = dynamicCellHeight;
			sourceTree = "<group>";
		};
/* End PBXGroup section */

/* Begin PBXNativeTarget section */
		8130D5411C50ED40004DCA40 /* dynamicCellHeight */ = {
			isa = PBXNativeTarget;
			buildConfigurationList = 8130D5541C50ED40004DCA40 /* Build configuration list for PBXNativeTarget "dynamicCellHeight" */;
			buildPhases = (
				8130D53E1C50ED40004DCA40 /* Sources */,
				8130D53F1C50ED40004DCA40 /* Frameworks */,
				8130D5401C50ED40004DCA40 /* Resources */,
			);
			buildRules = (
			);
			dependencies = (
			);
			name = dynamicCellHeight;
			productName = dynamicCellHeight;
			productReference = 8130D5421C50ED40004DCA40 /* dynamicCellHeight.app */;
			productType = "com.apple.product-type.application";
		};
/* End PBXNativeTarget section */

/* Begin PBXProject section */
		8130D53A1C50ED40004DCA40 /* Project object */ = {
			isa = PBXProject;
			attributes = {
				LastSwiftUpdateCheck = 0720;
				LastUpgradeCheck = 0720;
				ORGANIZATIONNAME = madmir;
				TargetAttributes = {
					8130D5411C50ED40004DCA40 = {
						CreatedOnToolsVersion = 7.2;
					};
				};
			};
			buildConfigurationList = 8130D53D1C50ED40004DCA40 /* Build configuration list for PBXProject "dynamicCellHeight" */;
			compatibilityVersion = "Xcode 3.2";
			developmentRegion = English;
			hasScannedForEncodings = 0;
			knownRegions = (
				en,
				Base,
			);
			mainGroup = 8130D5391C50ED40004DCA40;
			productRefGroup = 8130D5431C50ED40004DCA40 /* Products */;
			projectDirPath = "";
			projectRoot = "";
			targets = (
				8130D5411C50ED40004DCA40 /* dynamicCellHeight */,
			);
		};
/* End PBXProject section */

/* Begin PBXResourcesBuildPhase section */
		8130D5401C50ED40004DCA40 /* Resources */ = {
			isa = PBXResourcesBuildPhase;
			buildActionMask = 2147483647;
			files = (
				8130D5501C50ED40004DCA40 /* LaunchScreen.storyboard in Resources */,
				8130D54D1C50ED40004DCA40 /* Assets.xcassets in Resources */,
			);
			runOnlyForDeploymentPostprocessing = 0;
		};
/* End PBXResourcesBuildPhase section */

/* Begin PBXSourcesBuildPhase section */
		8130D53E1C50ED40004DCA40 /* Sources */ = {
			isa = PBXSourcesBuildPhase;
			buildActionMask = 2147483647;
			files = (
				8130D5581C50EDBB004DCA40 /* MainTableViewController.swift in Sources */,
				8130D55A1C50EDCB004DCA40 /* MainTableViewCell.swift in Sources */,
				8130D5461C50ED40004DCA40 /* AppDelegate.swift in Sources */,
			);
			runOnlyForDeploymentPostprocessing = 0;
		};
/* End PBXSourcesBuildPhase section */

/* Begin PBXVariantGroup section */
		8130D54E1C50ED40004DCA40 /* LaunchScreen.storyboard */ = {
			isa = PBXVariantGroup;
			children = (
				8130D54F1C50ED40004DCA40 /* Base */,
			);
			name = LaunchScreen.storyboard;
			sourceTree = "<group>";
		};
/* End PBXVariantGroup section */

/* Begin XCBuildConfiguration section */
		8130D5521C50ED40004DCA40 /* Debug */ = {
			isa = XCBuildConfiguration;
			buildSettings = {
				ALWAYS_SEARCH_USER_PATHS = NO;
				CLANG_CXX_LANGUAGE_STANDARD = "gnu++0x";
				CLANG_CXX_LIBRARY = "libc++";
				CLANG_ENABLE_MODULES = YES;
				CLANG_ENABLE_OBJC_ARC = YES;
				CLANG_WARN_BOOL_CONVERSION = YES;
				CLANG_WARN_CONSTANT_CONVERSION = YES;
				CLANG_WARN_DIRECT_OBJC_ISA_USAGE = YES_ERROR;
				CLANG_WARN_EMPTY_BODY = YES;
				CLANG_WARN_ENUM_CONVERSION = YES;
				CLANG_WARN_INT_CONVERSION = YES;
				CLANG_WARN_OBJC_ROOT_CLASS = YES_ERROR;
				CLANG_WARN_UNREACHABLE_CODE = YES;
				CLANG_WARN__DUPLICATE_METHOD_MATCH = YES;
				"CODE_SIGN_IDENTITY[sdk=iphoneos*]" = "iPhone Developer";
				COPY_PHASE_STRIP = NO;
				DEBUG_INFORMATION_FORMAT = dwarf;
				ENABLE_STRICT_OBJC_MSGSEND = YES;
				ENABLE_TESTABILITY = YES;
				GCC_C_LANGUAGE_STANDARD = gnu99;
				GCC_DYNAMIC_NO_PIC = NO;
				GCC_NO_COMMON_BLOCKS = YES;
				GCC_OPTIMIZATION_LEVEL = 0;
				GCC_PREPROCESSOR_DEFINITIONS = (
					"DEBUG=1",
					"$(inherited)",
				);
				GCC_WARN_64_TO_32_BIT_CONVERSION = YES;
				GCC_WARN_ABOUT_RETURN_TYPE = YES_ERROR;
				GCC_WARN_UNDECLARED_SELECTOR = YES;
				GCC_WARN_UNINITIALIZED_AUTOS = YES_AGGRESSIVE;
				GCC_WARN_UNUSED_FUNCTION = YES;
				GCC_WARN_UNUSED_VARIABLE = YES;
				IPHONEOS_DEPLOYMENT_TARGET = 9.2;
				MTL_ENABLE_DEBUG_INFO = YES;
				ONLY_ACTIVE_ARCH = YES;
				SDKROOT = iphoneos;
				SWIFT_OPTIMIZATION_LEVEL = "-Onone";
				TARGETED_DEVICE_FAMILY = "1,2";
			};
			name = Debug;
		};
		8130D5531C50ED40004DCA40 /* Release */ = {
			isa = XCBuildConfiguration;
			buildSettings = {
				ALWAYS_SEARCH_USER_PATHS = NO;
				CLANG_CXX_LANGUAGE_STANDARD = "gnu++0x";
				CLANG_CXX_LIBRARY = "libc++";
				CLANG_ENABLE_MODULES = YES;
				CLANG_ENABLE_OBJC_ARC = YES;
				CLANG_WARN_BOOL_CONVERSION = YES;
				CLANG_WARN_CONSTANT_CONVERSION = YES;
				CLANG_WARN_DIRECT_OBJC_ISA_USAGE = YES_ERROR;
				CLANG_WARN_EMPTY_BODY = YES;
				CLANG_WARN_ENUM_CONVERSION = YES;
				CLANG_WARN_INT_CONVERSION = YES;
				CLANG_WARN_OBJC_ROOT_CLASS = YES_ERROR;
				CLANG_WARN_UNREACHABLE_CODE = YES;
				CLANG_WARN__DUPLICATE_METHOD_MATCH = YES;
				"CODE_SIGN_IDENTITY[sdk=iphoneos*]" = "iPhone Developer";
				COPY_PHASE_STRIP = NO;
				DEBUG_INFORMATION_FORMAT = "dwarf-with-dsym";
				ENABLE_NS_ASSERTIONS = NO;
				ENABLE_STRICT_OBJC_MSGSEND = YES;
				GCC_C_LANGUAGE_STANDARD = gnu99;
				GCC_NO_COMMON_BLOCKS = YES;
				GCC_WARN_64_TO_32_BIT_CONVERSION = YES;
				GCC_WARN_ABOUT_RETURN_TYPE = YES_ERROR;
				GCC_WARN_UNDECLARED_SELECTOR = YES;
				GCC_WARN_UNINITIALIZED_AUTOS = YES_AGGRESSIVE;
				GCC_WARN_UNUSED_FUNCTION = YES;
				GCC_WARN_UNUSED_VARIABLE = YES;
				IPHONEOS_DEPLOYMENT_TARGET = 9.2;
				MTL_ENABLE_DEBUG_INFO = NO;
				SDKROOT = iphoneos;
				TARGETED_DEVICE_FAMILY = "1,2";
				VALIDATE_PRODUCT = YES;
			};
			name = Release;
		};
		8130D5551C50ED40004DCA40 /* Debug */ = {
			isa = XCBuildConfiguration;
			buildSettings = {
				ASSETCATALOG_COMPILER_APPICON_NAME = AppIcon;
				CODE_SIGN_IDENTITY = "iPhone Developer";
				INFOPLIST_FILE = dynamicCellHeight/Info.plist;
				IPHONEOS_DEPLOYMENT_TARGET = 8.1;
				LD_RUNPATH_SEARCH_PATHS = "$(inherited) @executable_path/Frameworks";
				PRODUCT_BUNDLE_IDENTIFIER = com.madmir.dynamicCellHeight;
				PRODUCT_NAME = "$(TARGET_NAME)";
			};
			name = Debug;
		};
		8130D5561C50ED40004DCA40 /* Release */ = {
			isa = XCBuildConfiguration;
			buildSettings = {
				ASSETCATALOG_COMPILER_APPICON_NAME = AppIcon;
				CODE_SIGN_IDENTITY = "iPhone Developer";
				INFOPLIST_FILE = dynamicCellHeight/Info.plist;
				IPHONEOS_DEPLOYMENT_TARGET = 8.1;
				LD_RUNPATH_SEARCH_PATHS = "$(inherited) @executable_path/Frameworks";
				PRODUCT_BUNDLE_IDENTIFIER = com.madmir.dynamicCellHeight;
				PRODUCT_NAME = "$(TARGET_NAME)";
			};
			name = Release;
		};
/* End XCBuildConfiguration section */

/* Begin XCConfigurationList section */
		8130D53D1C50ED40004DCA40 /* Build configuration list for PBXProject "dynamicCellHeight" */ = {
			isa = XCConfigurationList;
			buildConfigurations = (
				8130D5521C50ED40004DCA40 /* Debug */,
				8130D5531C50ED40004DCA40 /* Release */,
			);
			defaultConfigurationIsVisible = 0;
			defaultConfigurationName = Release;
		};
		8130D5541C50ED40004DCA40 /* Build configuration list for PBXNativeTarget "dynamicCellHeight" */ = {
			isa = XCConfigurationList;
			buildConfigurations = (
				8130D5551C50ED40004DCA40 /* Debug */,
				8130D5561C50ED40004DCA40 /* Release */,
			);
			defaultConfigurationIsVisible = 0;
		};
/* End XCConfigurationList section */
	};
	rootObject = 8130D53A1C50ED40004DCA40 /* Project object */;
}
